
Microsoft Visual Studio Solution File, Format Version 12.00
# Visual Studio Version 17
VisualStudioVersion = 17.9.34622.214
MinimumVisualStudioVersion = 10.0.40219.1
Project("{2150E333-8FDC-42A3-9474-1A3956D46DE8}") = "Solution Items", "Solution Items", "{3D7D3D67-D051-4AA1-BA52-B17A6EE912C7}"
	ProjectSection(SolutionItems) = preProject
		.editorconfig = .editorconfig
		README.md = README.md
	EndProjectSection
EndProject
Project("{2150E333-8FDC-42A3-9474-1A3956D46DE8}") = "Tests", "Tests", "{940FCF42-95DE-477E-9FAE-287C3F0EE6E7}"
EndProject
Project("{9A19103F-16F7-4668-BE54-9A1E7A4F7556}") = "Bitbound.ScreenCapture.Windows.Benchmarks", "Tests\Bitbound.ScreenCapture.Windows.Benchmarks\Bitbound.ScreenCapture.Windows.Benchmarks.csproj", "{37E3D3B3-BDA4-496F-AC04-91E66795F731}"
EndProject
Project("{9A19103F-16F7-4668-BE54-9A1E7A4F7556}") = "Bitbound.ScreenCapture", "Bitbound.ScreenCapture\Bitbound.ScreenCapture.csproj", "{4E24C8A9-39DD-4057-88E2-D363A7CFB3F4}"
EndProject
Global
	GlobalSection(SolutionConfigurationPlatforms) = preSolution
		Debug|Any CPU = Debug|Any CPU
		Release|Any CPU = Release|Any CPU
	EndGlobalSection
	GlobalSection(ProjectConfigurationPlatforms) = postSolution
		{37E3D3B3-BDA4-496F-AC04-91E66795F731}.Debug|Any CPU.ActiveCfg = Debug|Any CPU
		{37E3D3B3-BDA4-496F-AC04-91E66795F731}.Debug|Any CPU.Build.0 = Debug|Any CPU
		{37E3D3B3-BDA4-496F-AC04-91E66795F731}.Release|Any CPU.ActiveCfg = Release|Any CPU
		{37E3D3B3-BDA4-496F-AC04-91E66795F731}.Release|Any CPU.Build.0 = Release|Any CPU
		{4E24C8A9-39DD-4057-88E2-D363A7CFB3F4}.Debug|Any CPU.ActiveCfg = Debug|Any CPU
		{4E24C8A9-39DD-4057-88E2-D363A7CFB3F4}.Debug|Any CPU.Build.0 = Debug|Any CPU
		{4E24C8A9-39DD-4057-88E2-D363A7CFB3F4}.Release|Any CPU.ActiveCfg = Release|Any CPU
		{4E24C8A9-39DD-4057-88E2-D363A7CFB3F4}.Release|Any CPU.Build.0 = Release|Any CPU
	EndGlobalSection
	GlobalSection(SolutionProperties) = preSolution
		HideSolutionNode = FALSE
	EndGlobalSection
	GlobalSection(NestedProjects) = preSolution
		{37E3D3B3-BDA4-496F-AC04-91E66795F731} = {940FCF42-95DE-477E-9FAE-287C3F0EE6E7}
	EndGlobalSection
	GlobalSection(ExtensibilityGlobals) = postSolution
		SolutionGuid = {D4F8840C-079F-4048-B467-173E508C308A}
	EndGlobalSection
EndGlobal
